
Microsoft Visual Studio Solution File, Format Version 12.00
# Visual Studio Version 17
VisualStudioVersion = 17.11.35327.3
MinimumVisualStudioVersion = 10.0.40219.1
Project("{FAE04EC0-301F-11D3-BF4B-00C04F79EFBC}") = "QuanLyTrungTamNN", "QuanLyTrungTamNN\QuanLyTrungTamNN.csproj", "{A5D77A1D-29C2-42AF-BC16-6E9F9E637328}"
EndProject
Global
	GlobalSection(SolutionConfigurationPlatforms) = preSolution
		Debug|Any CPU = Debug|Any CPU
		Release|Any CPU = Release|Any CPU
	EndGlobalSection
	GlobalSection(ProjectConfigurationPlatforms) = postSolution
		{A5D77A1D-29C2-42AF-BC16-6E9F9E637328}.Debug|Any CPU.ActiveCfg = Debug|Any CPU
		{A5D77A1D-29C2-42AF-BC16-6E9F9E637328}.Debug|Any CPU.Build.0 = Debug|Any CPU
		{A5D77A1D-29C2-42AF-BC16-6E9F9E637328}.Release|Any CPU.ActiveCfg = Release|Any CPU
		{A5D77A1D-29C2-42AF-BC16-6E9F9E637328}.Release|Any CPU.Build.0 = Release|Any CPU
	EndGlobalSection
	GlobalSection(SolutionProperties) = preSolution
		HideSolutionNode = FALSE
	EndGlobalSection
	GlobalSection(ExtensibilityGlobals) = postSolution
		SolutionGuid = {E8924FF4-AAC5-4956-BE19-500EA5095220}
	EndGlobalSection
EndGlobal
